
Microsoft Visual Studio Solution File, Format Version 12.00
Project("{FAE04EC0-301F-11D3-BF4B-00C04F79EFBC}") = "week3_Snake", "week3_Snake\week3_Snake.csproj", "{90557A3B-ED8D-4A82-8D11-3D61DE562C93}"
EndProject
Project("{FAE04EC0-301F-11D3-BF4B-00C04F79EFBC}") = "week3_BlackJack", "week3_BlackJack\week3_BlackJack.csproj", "{DAAEEAFD-5151-4BC7-80CB-8E86A31A33D4}"
EndProject
Global
	GlobalSection(SolutionConfigurationPlatforms) = preSolution
		Debug|Any CPU = Debug|Any CPU
		Release|Any CPU = Release|Any CPU
	EndGlobalSection
	GlobalSection(ProjectConfigurationPlatforms) = postSolution
		{90557A3B-ED8D-4A82-8D11-3D61DE562C93}.Debug|Any CPU.ActiveCfg = Debug|Any CPU
		{90557A3B-ED8D-4A82-8D11-3D61DE562C93}.Debug|Any CPU.Build.0 = Debug|Any CPU
		{90557A3B-ED8D-4A82-8D11-3D61DE562C93}.Release|Any CPU.ActiveCfg = Release|Any CPU
		{90557A3B-ED8D-4A82-8D11-3D61DE562C93}.Release|Any CPU.Build.0 = Release|Any CPU
		{DAAEEAFD-5151-4BC7-80CB-8E86A31A33D4}.Debug|Any CPU.ActiveCfg = Debug|Any CPU
		{DAAEEAFD-5151-4BC7-80CB-8E86A31A33D4}.Debug|Any CPU.Build.0 = Debug|Any CPU
		{DAAEEAFD-5151-4BC7-80CB-8E86A31A33D4}.Release|Any CPU.ActiveCfg = Release|Any CPU
		{DAAEEAFD-5151-4BC7-80CB-8E86A31A33D4}.Release|Any CPU.Build.0 = Release|Any CPU
	EndGlobalSection
EndGlobal
